
Microsoft Visual Studio Solution File, Format Version 12.00
# Visual Studio Version 17
VisualStudioVersion = 17.4.33110.190
MinimumVisualStudioVersion = 10.0.40219.1
Project("{FAE04EC0-301F-11D3-BF4B-00C04F79EFBC}") = "RailwayReservationSystem", "RailwayReservationSystem\RailwayReservationSystem.csproj", "{A131E8C8-AB99-4252-963C-B4E651B607C5}"
EndProject
Global
	GlobalSection(SolutionConfigurationPlatforms) = preSolution
		Debug|Any CPU = Debug|Any CPU
		Release|Any CPU = Release|Any CPU
	EndGlobalSection
	GlobalSection(ProjectConfigurationPlatforms) = postSolution
		{A131E8C8-AB99-4252-963C-B4E651B607C5}.Debug|Any CPU.ActiveCfg = Debug|Any CPU
		{A131E8C8-AB99-4252-963C-B4E651B607C5}.Debug|Any CPU.Build.0 = Debug|Any CPU
		{A131E8C8-AB99-4252-963C-B4E651B607C5}.Release|Any CPU.ActiveCfg = Release|Any CPU
		{A131E8C8-AB99-4252-963C-B4E651B607C5}.Release|Any CPU.Build.0 = Release|Any CPU
	EndGlobalSection
	GlobalSection(SolutionProperties) = preSolution
		HideSolutionNode = FALSE
	EndGlobalSection
	GlobalSection(ExtensibilityGlobals) = postSolution
		SolutionGuid = {96244A10-F11F-4790-979F-5D50468F6BBE}
	EndGlobalSection
EndGlobal
